
Microsoft Visual Studio Solution File, Format Version 12.00
# Visual Studio Version 17
VisualStudioVersion = 17.14.36310.24
MinimumVisualStudioVersion = 10.0.40219.1
Project("{FAE04EC0-301F-11D3-BF4B-00C04F79EFBC}") = "KASHOP.PLL", "KASHOP.PLL\KASHOP.PLL.csproj", "{F9C56D9C-DCE7-493B-A52B-5400F6A3A497}"
EndProject
Project("{FAE04EC0-301F-11D3-BF4B-00C04F79EFBC}") = "KA.BLL", "KA.BLL\KA.BLL.csproj", "{A7462CD2-D03A-4A61-995F-CCD0078D5924}"
EndProject
Project("{FAE04EC0-301F-11D3-BF4B-00C04F79EFBC}") = "KASHOP.DAl", "KASHOP.DAl\KASHOP.DAl.csproj", "{9E2C0DF6-A4E6-4972-9D1A-3547413E4966}"
EndProject
Global
	GlobalSection(SolutionConfigurationPlatforms) = preSolution
		Debug|Any CPU = Debug|Any CPU
		Release|Any CPU = Release|Any CPU
	EndGlobalSection
	GlobalSection(ProjectConfigurationPlatforms) = postSolution
		{F9C56D9C-DCE7-493B-A52B-5400F6A3A497}.Debug|Any CPU.ActiveCfg = Debug|Any CPU
		{F9C56D9C-DCE7-493B-A52B-5400F6A3A497}.Debug|Any CPU.Build.0 = Debug|Any CPU
		{F9C56D9C-DCE7-493B-A52B-5400F6A3A497}.Release|Any CPU.ActiveCfg = Release|Any CPU
		{F9C56D9C-DCE7-493B-A52B-5400F6A3A497}.Release|Any CPU.Build.0 = Release|Any CPU
		{A7462CD2-D03A-4A61-995F-CCD0078D5924}.Debug|Any CPU.ActiveCfg = Debug|Any CPU
		{A7462CD2-D03A-4A61-995F-CCD0078D5924}.Debug|Any CPU.Build.0 = Debug|Any CPU
		{A7462CD2-D03A-4A61-995F-CCD0078D5924}.Release|Any CPU.ActiveCfg = Release|Any CPU
		{A7462CD2-D03A-4A61-995F-CCD0078D5924}.Release|Any CPU.Build.0 = Release|Any CPU
		{9E2C0DF6-A4E6-4972-9D1A-3547413E4966}.Debug|Any CPU.ActiveCfg = Debug|Any CPU
		{9E2C0DF6-A4E6-4972-9D1A-3547413E4966}.Debug|Any CPU.Build.0 = Debug|Any CPU
		{9E2C0DF6-A4E6-4972-9D1A-3547413E4966}.Release|Any CPU.ActiveCfg = Release|Any CPU
		{9E2C0DF6-A4E6-4972-9D1A-3547413E4966}.Release|Any CPU.Build.0 = Release|Any CPU
	EndGlobalSection
	GlobalSection(SolutionProperties) = preSolution
		HideSolutionNode = FALSE
	EndGlobalSection
	GlobalSection(ExtensibilityGlobals) = postSolution
		SolutionGuid = {8511D0B7-920C-4F9E-B02A-67D8B5D2F885}
	EndGlobalSection
EndGlobal
